
Microsoft Visual Studio Solution File, Format Version 12.00
# Visual Studio Version 17
VisualStudioVersion = 17.14.36408.4 d17.14
MinimumVisualStudioVersion = 10.0.40219.1
Project("{FAE04EC0-301F-11D3-BF4B-00C04F79EFBC}") = "Group16", "Group16.csproj", "{A3324CFA-054F-4834-AB68-7695F7FF7FCF}"
EndProject
Global
	GlobalSection(SolutionConfigurationPlatforms) = preSolution
		Debug|Any CPU = Debug|Any CPU
		Release|Any CPU = Release|Any CPU
	EndGlobalSection
	GlobalSection(ProjectConfigurationPlatforms) = postSolution
		{A3324CFA-054F-4834-AB68-7695F7FF7FCF}.Debug|Any CPU.ActiveCfg = Debug|Any CPU
		{A3324CFA-054F-4834-AB68-7695F7FF7FCF}.Debug|Any CPU.Build.0 = Debug|Any CPU
		{A3324CFA-054F-4834-AB68-7695F7FF7FCF}.Release|Any CPU.ActiveCfg = Release|Any CPU
		{A3324CFA-054F-4834-AB68-7695F7FF7FCF}.Release|Any CPU.Build.0 = Release|Any CPU
	EndGlobalSection
	GlobalSection(SolutionProperties) = preSolution
		HideSolutionNode = FALSE
	EndGlobalSection
	GlobalSection(ExtensibilityGlobals) = postSolution
		SolutionGuid = {04C47E16-3013-448C-B7D1-81684AB3B68B}
	EndGlobalSection
EndGlobal
